
Microsoft Visual Studio Solution File, Format Version 12.00
# Visual Studio 2012
Project("{FAE04EC0-301F-11D3-BF4B-00C04F79EFBC}") = "Lei_4882994_hw1", "Lei_4882994_hw1\Lei_4882994_hw1.csproj", "{87517965-8416-4A9C-BA9E-B61DFD7F0AC7}"
EndProject
Global
	GlobalSection(SolutionConfigurationPlatforms) = preSolution
		Debug|Any CPU = Debug|Any CPU
		Release|Any CPU = Release|Any CPU
	EndGlobalSection
	GlobalSection(ProjectConfigurationPlatforms) = postSolution
		{87517965-8416-4A9C-BA9E-B61DFD7F0AC7}.Debug|Any CPU.ActiveCfg = Debug|Any CPU
		{87517965-8416-4A9C-BA9E-B61DFD7F0AC7}.Debug|Any CPU.Build.0 = Debug|Any CPU
		{87517965-8416-4A9C-BA9E-B61DFD7F0AC7}.Release|Any CPU.ActiveCfg = Release|Any CPU
		{87517965-8416-4A9C-BA9E-B61DFD7F0AC7}.Release|Any CPU.Build.0 = Release|Any CPU
	EndGlobalSection
	GlobalSection(SolutionProperties) = preSolution
		HideSolutionNode = FALSE
	EndGlobalSection
EndGlobal
